{
  "version": 4,
  "terraform_version": "1.2.7",
  "serial": 11,
  "lineage": "ea7af633-56bb-30e2-2268-ecf336c7f97d",
  "outputs": {},
  "resources": [
    {
      "mode": "managed",
      "type": "github_repository",
      "name": "From_Terraform-13-Aug-2022",
      "provider": "provider[\"registry.terraform.io/integrations/github\"]",
      "instances": [
        {
          "schema_version": 0,
          "attributes": {
            "allow_auto_merge": false,
            "allow_merge_commit": true,
            "allow_rebase_merge": true,
            "allow_squash_merge": true,
            "archive_on_destroy": null,
            "archived": false,
            "auto_init": true,
            "branches": [
              {
                "name": "main",
                "protected": false
              }
            ],
            "default_branch": "main",
            "delete_branch_on_merge": false,
            "description": "Repo from Terraform",
            "etag": "W/\"d3f03f34939307f371c6ff8278d9e9aee59a40257e696bb86393a1fa5ec3c299\"",
            "full_name": "zohaibdodo/RepofromTerraform",
            "git_clone_url": "git://github.com/zohaibdodo/RepofromTerraform.git",
            "gitignore_template": null,
            "has_downloads": false,
            "has_issues": false,
            "has_projects": false,
            "has_wiki": false,
            "homepage_url": "",
            "html_url": "https://github.com/zohaibdodo/RepofromTerraform",
            "http_clone_url": "https://github.com/zohaibdodo/RepofromTerraform.git",
            "id": "RepofromTerraform",
            "ignore_vulnerability_alerts_during_read": null,
            "is_template": false,
            "license_template": null,
            "name": "RepofromTerraform",
            "node_id": "R_kgDOH0Bb6Q",
            "pages": [],
            "private": false,
            "repo_id": 524311529,
            "ssh_clone_url": "git@github.com:zohaibdodo/RepofromTerraform.git",
            "svn_url": "https://github.com/zohaibdodo/RepofromTerraform",
            "template": [],
            "topics": null,
            "visibility": "public",
            "vulnerability_alerts": false
          },
          "sensitive_attributes": [],
          "private": "bnVsbA=="
        }
      ]
    }
  ]
}
