{
  "version": 4,
  "terraform_version": "1.2.7",
  "serial": 9,
  "lineage": "ea7af633-56bb-30e2-2268-ecf336c7f97d",
  "outputs": {},
  "resources": [
    {
      "mode": "managed",
      "type": "github_repository",
      "name": "From_Terraform",
      "provider": "provider[\"registry.terraform.io/integrations/github\"]",
      "instances": [
        {
          "status": "tainted",
          "schema_version": 0,
          "attributes": {
            "allow_auto_merge": false,
            "allow_merge_commit": true,
            "allow_rebase_merge": true,
            "allow_squash_merge": true,
            "archive_on_destroy": null,
            "archived": false,
            "auto_init": true,
            "branches": null,
            "default_branch": null,
            "delete_branch_on_merge": false,
            "description": "Repo from Terraform",
            "etag": null,
            "full_name": null,
            "git_clone_url": null,
            "gitignore_template": null,
            "has_downloads": null,
            "has_issues": null,
            "has_projects": null,
            "has_wiki": null,
            "homepage_url": null,
            "html_url": null,
            "http_clone_url": null,
            "id": "GitHub-Repo-Creation-from-Terraform",
            "ignore_vulnerability_alerts_during_read": null,
            "is_template": null,
            "license_template": null,
            "name": "GitHub Repo Creation from Terraform",
            "node_id": null,
            "pages": [],
            "private": null,
            "repo_id": null,
            "ssh_clone_url": null,
            "svn_url": null,
            "template": [],
            "topics": null,
            "visibility": "public",
            "vulnerability_alerts": null
          },
          "sensitive_attributes": [],
          "private": "bnVsbA=="
        }
      ]
    }
  ]
}
